
Microsoft Visual Studio Solution File, Format Version 12.00
# Visual Studio Version 16
VisualStudioVersion = 16.0.30114.105
MinimumVisualStudioVersion = 10.0.40219.1
Project("{FAE04EC0-301F-11D3-BF4B-00C04F79EFBC}") = "Core", "Core\Core.csproj", "{793B1F1E-E9EC-4705-8222-8B0E22E070CA}"
EndProject
Project("{FAE04EC0-301F-11D3-BF4B-00C04F79EFBC}") = "Infrastructure", "Infrastructure\Infrastructure.csproj", "{A69CE8DA-DC99-4FDA-9E5A-800405363207}"
EndProject
Project("{FAE04EC0-301F-11D3-BF4B-00C04F79EFBC}") = "API", "API\API.csproj", "{D62D56AC-F1ED-46FE-B1DE-A751C4AF3986}"
EndProject
Global
	GlobalSection(SolutionConfigurationPlatforms) = preSolution
		Debug|Any CPU = Debug|Any CPU
		Release|Any CPU = Release|Any CPU
	EndGlobalSection
	GlobalSection(SolutionProperties) = preSolution
		HideSolutionNode = FALSE
	EndGlobalSection
	GlobalSection(ProjectConfigurationPlatforms) = postSolution
		{793B1F1E-E9EC-4705-8222-8B0E22E070CA}.Debug|Any CPU.ActiveCfg = Debug|Any CPU
		{793B1F1E-E9EC-4705-8222-8B0E22E070CA}.Debug|Any CPU.Build.0 = Debug|Any CPU
		{793B1F1E-E9EC-4705-8222-8B0E22E070CA}.Release|Any CPU.ActiveCfg = Release|Any CPU
		{793B1F1E-E9EC-4705-8222-8B0E22E070CA}.Release|Any CPU.Build.0 = Release|Any CPU
		{A69CE8DA-DC99-4FDA-9E5A-800405363207}.Debug|Any CPU.ActiveCfg = Debug|Any CPU
		{A69CE8DA-DC99-4FDA-9E5A-800405363207}.Debug|Any CPU.Build.0 = Debug|Any CPU
		{A69CE8DA-DC99-4FDA-9E5A-800405363207}.Release|Any CPU.ActiveCfg = Release|Any CPU
		{A69CE8DA-DC99-4FDA-9E5A-800405363207}.Release|Any CPU.Build.0 = Release|Any CPU
		{D62D56AC-F1ED-46FE-B1DE-A751C4AF3986}.Debug|Any CPU.ActiveCfg = Debug|Any CPU
		{D62D56AC-F1ED-46FE-B1DE-A751C4AF3986}.Debug|Any CPU.Build.0 = Debug|Any CPU
		{D62D56AC-F1ED-46FE-B1DE-A751C4AF3986}.Release|Any CPU.ActiveCfg = Release|Any CPU
		{D62D56AC-F1ED-46FE-B1DE-A751C4AF3986}.Release|Any CPU.Build.0 = Release|Any CPU
	EndGlobalSection
EndGlobal
